
Microsoft Visual Studio Solution File, Format Version 12.00
# Visual Studio Version 16
VisualStudioVersion = 16.0.29209.62
MinimumVisualStudioVersion = 10.0.40219.1
Project("{FAE04EC0-301F-11D3-BF4B-00C04F79EFBC}") = "ExemploTeste", "ExemploTeste.csproj", "{D1BF2424-EFA2-48EF-9452-180EBF90374C}"
EndProject
Global
	GlobalSection(SolutionConfigurationPlatforms) = preSolution
		Debug|Any CPU = Debug|Any CPU
		Release|Any CPU = Release|Any CPU
	EndGlobalSection
	GlobalSection(ProjectConfigurationPlatforms) = postSolution
		{D1BF2424-EFA2-48EF-9452-180EBF90374C}.Debug|Any CPU.ActiveCfg = Debug|Any CPU
		{D1BF2424-EFA2-48EF-9452-180EBF90374C}.Debug|Any CPU.Build.0 = Debug|Any CPU
		{D1BF2424-EFA2-48EF-9452-180EBF90374C}.Release|Any CPU.ActiveCfg = Release|Any CPU
		{D1BF2424-EFA2-48EF-9452-180EBF90374C}.Release|Any CPU.Build.0 = Release|Any CPU
	EndGlobalSection
	GlobalSection(SolutionProperties) = preSolution
		HideSolutionNode = FALSE
	EndGlobalSection
	GlobalSection(ExtensibilityGlobals) = postSolution
		SolutionGuid = {8FBB522F-2A39-4247-B20F-BFA2CF2BD9E6}
	EndGlobalSection
EndGlobal
